{
  "name": "@supersuit/superskill",
  "version": "0.3.0",
  "lockfileVersion": 3,
  "requires": true,
  "packages": {
    "": {
      "name": "@supersuit/superskill",
      "version": "0.3.0",
      "license": "MIT",
      "bin": {
        "superskill": "bin/superskill.mjs"
      },
      "engines": {
        "node": ">=20"
      }
    }
  }
}
